<Solution>
  <Folder Name="/src/">
    <Project Path="src/ShopForge.Api/ShopForge.Api.csproj" />
    <Project Path="src/ShopForge.Infrastructure/ShopForge.Infrastructure.csproj" />
    <Project Path="src/ShopForge.Shared/ShopForge.Shared.csproj" />
  </Folder>
  <Folder Name="/src/Modules/">
    <Project Path="src/Modules/Access/ShopForge.Access/ShopForge.Access.csproj" />
    <Project Path="src/Modules/Catalog/ShopForge.Catalog/ShopForge.Catalog.csproj" />
    <Project Path="src/Modules/Inventory/ShopForge.Inventory/ShopForge.Inventory.csproj" />
    <Project Path="src/Modules/Orders/ShopForge.Orders/ShopForge.Orders.csproj" />
    <Project Path="src/Modules/Stores/ShopForge.Stores/ShopForge.Stores.csproj" />
  </Folder>
  <Folder Name="/tests/">
    <Project Path="tests/ShopForge.ArchitectureTests/ShopForge.ArchitectureTests.csproj" />
    <Project Path="tests/ShopForge.IntegrationTests/ShopForge.IntegrationTests.csproj" />
    <Project Path="tests/ShopForge.UnitTests/ShopForge.UnitTests.csproj" />
  </Folder>
</Solution>
